
Microsoft Visual Studio Solution File, Format Version 12.00
# Visual Studio Version 17
VisualStudioVersion = 17.6.33815.320
MinimumVisualStudioVersion = 10.0.40219.1
Project("{FAE04EC0-301F-11D3-BF4B-00C04F79EFBC}") = "Assesment12", "Assesment12\Assesment12.csproj", "{9BFBB665-2081-4AB3-B733-CBF15DF3278A}"
EndProject
Global
	GlobalSection(SolutionConfigurationPlatforms) = preSolution
		Debug|Any CPU = Debug|Any CPU
		Release|Any CPU = Release|Any CPU
	EndGlobalSection
	GlobalSection(ProjectConfigurationPlatforms) = postSolution
		{9BFBB665-2081-4AB3-B733-CBF15DF3278A}.Debug|Any CPU.ActiveCfg = Debug|Any CPU
		{9BFBB665-2081-4AB3-B733-CBF15DF3278A}.Debug|Any CPU.Build.0 = Debug|Any CPU
		{9BFBB665-2081-4AB3-B733-CBF15DF3278A}.Release|Any CPU.ActiveCfg = Release|Any CPU
		{9BFBB665-2081-4AB3-B733-CBF15DF3278A}.Release|Any CPU.Build.0 = Release|Any CPU
	EndGlobalSection
	GlobalSection(SolutionProperties) = preSolution
		HideSolutionNode = FALSE
	EndGlobalSection
	GlobalSection(ExtensibilityGlobals) = postSolution
		SolutionGuid = {16058F09-11E6-4485-AE95-15E74DFBC2BF}
	EndGlobalSection
EndGlobal
