
Microsoft Visual Studio Solution File, Format Version 12.00
# Visual Studio Version 17
VisualStudioVersion = 17.6.33815.320
MinimumVisualStudioVersion = 10.0.40219.1
Project("{FAE04EC0-301F-11D3-BF4B-00C04F79EFBC}") = "Assesment12_SQLQuery12", "Assesment12_SQLQuery12\Assesment12_SQLQuery12.csproj", "{EE141232-45B5-43F7-BD18-00294F374412}"
EndProject
Global
	GlobalSection(SolutionConfigurationPlatforms) = preSolution
		Debug|Any CPU = Debug|Any CPU
		Release|Any CPU = Release|Any CPU
	EndGlobalSection
	GlobalSection(ProjectConfigurationPlatforms) = postSolution
		{EE141232-45B5-43F7-BD18-00294F374412}.Debug|Any CPU.ActiveCfg = Debug|Any CPU
		{EE141232-45B5-43F7-BD18-00294F374412}.Debug|Any CPU.Build.0 = Debug|Any CPU
		{EE141232-45B5-43F7-BD18-00294F374412}.Release|Any CPU.ActiveCfg = Release|Any CPU
		{EE141232-45B5-43F7-BD18-00294F374412}.Release|Any CPU.Build.0 = Release|Any CPU
	EndGlobalSection
	GlobalSection(SolutionProperties) = preSolution
		HideSolutionNode = FALSE
	EndGlobalSection
	GlobalSection(ExtensibilityGlobals) = postSolution
		SolutionGuid = {D8840391-F162-458F-9318-E322684F9AEC}
	EndGlobalSection
EndGlobal
